
Microsoft Visual Studio Solution File, Format Version 12.00
# Visual Studio 14
VisualStudioVersion = 14.0.25123.0
MinimumVisualStudioVersion = 10.0.40219.1
Project("{FAE04EC0-301F-11D3-BF4B-00C04F79EFBC}") = "SZ.Aisino.WebCrawler.Tradition", "SZ.Aisino.WebCrawler\SZ.Aisino.WebCrawler.Tradition.csproj", "{4FDBA13C-BEF0-4988-8BD9-98E4946F62CD}"
EndProject
Project("{FAE04EC0-301F-11D3-BF4B-00C04F79EFBC}") = "Alayaz.Graph.WPF.Controls", "Alayaz.Graph.WPF.Controls\Alayaz.Graph.WPF.Controls.csproj", "{142F0E8F-A50B-4C2A-8AC8-E96AA239C701}"
EndProject
Project("{2150E333-8FDC-42A3-9474-1A3956D46DE8}") = "SOA", "SOA", "{C5299E87-A5FE-451B-AA15-5E972FBC97A0}"
EndProject
Project("{2150E333-8FDC-42A3-9474-1A3956D46DE8}") = "Repository", "Repository", "{5BA1566A-76D0-4CD6-AEC9-8713413DF498}"
EndProject
Project("{2150E333-8FDC-42A3-9474-1A3956D46DE8}") = "Interaction", "Interaction", "{F432EF09-CBA4-4AD9-B61B-DCEDDDB3E742}"
EndProject
Project("{2150E333-8FDC-42A3-9474-1A3956D46DE8}") = "Common", "Common", "{36F536AD-0E08-4F42-8733-B9DADE614463}"
EndProject
Project("{FAE04EC0-301F-11D3-BF4B-00C04F79EFBC}") = "SZ.Aisino.CMS.DbContext", "SZ.Aisino.CMS.DbContext\SZ.Aisino.CMS.DbContext.csproj", "{382D2BD9-039C-4BF1-8D5C-097763348B44}"
EndProject
Project("{FAE04EC0-301F-11D3-BF4B-00C04F79EFBC}") = "SZ.Aisino.CMS.DbEntity", "SZ.Aisino.CMS.DbEntity\SZ.Aisino.CMS.DbEntity.csproj", "{A9820C1D-EBDB-41B7-BC55-178A63015A95}"
EndProject
Project("{FAE04EC0-301F-11D3-BF4B-00C04F79EFBC}") = "SZ.Aisino.CMS.DbEntity.Annotation", "SZ.Aisino.CMS.DbEntity.Annotation\SZ.Aisino.CMS.DbEntity.Annotation.csproj", "{DFFD7939-A6F4-469F-86EB-8129B7B872B7}"
EndProject
Project("{FAE04EC0-301F-11D3-BF4B-00C04F79EFBC}") = "SZ.Aisino.CMS", "SZ.Aisino.CMS\SZ.Aisino.CMS.csproj", "{D0479FF4-6A55-4979-85D9-69F9BF862C21}"
EndProject
Project("{2150E333-8FDC-42A3-9474-1A3956D46DE8}") = "Test", "Test", "{43C46057-58A5-49FB-8785-FEBD5EE6D8DA}"
EndProject
Project("{FAE04EC0-301F-11D3-BF4B-00C04F79EFBC}") = "SZ.Aisino.Mall.BizUnitTest", "SZ.Aisino.Mall.BizUnitTest\SZ.Aisino.Mall.BizUnitTest.csproj", "{99650B7E-D4E0-4766-89AD-BD0175082E52}"
EndProject
Project("{FAE04EC0-301F-11D3-BF4B-00C04F79EFBC}") = "Alayaz.Graph.WPF.Common", "Alayaz.Graph.WPF.Common\Alayaz.Graph.WPF.Common.csproj", "{301FF7B5-40D0-4165-BC70-C4329B15BFD0}"
EndProject
Project("{FAE04EC0-301F-11D3-BF4B-00C04F79EFBC}") = "Alayaz.SOA.Service.ViewModel", "Alayaz.SOA.Service.ViewModel\Alayaz.SOA.Service.ViewModel.csproj", "{F025952B-88C7-4AD4-ABA8-DC2B9834D189}"
EndProject
Project("{FAE04EC0-301F-11D3-BF4B-00C04F79EFBC}") = "Alayaz.SOA.IService", "Alayaz.SOA.IService\Alayaz.SOA.IService.csproj", "{3022C653-F4C9-4A34-A0E0-9BCB3B4B7879}"
EndProject
Project("{FAE04EC0-301F-11D3-BF4B-00C04F79EFBC}") = "Alayaz.SOA.Service", "Alayaz.SOA.Service\Alayaz.SOA.Service.csproj", "{E21E8E70-3697-43BC-A25C-21AC8F73965C}"
EndProject
Project("{FAE04EC0-301F-11D3-BF4B-00C04F79EFBC}") = "Alayaz.CM.DN432.WebCrawl", "Alayaz.CM.DN432.WebCrawl\Alayaz.CM.DN432.WebCrawl.csproj", "{2D1DA28D-91BA-4259-8C36-410C304219E3}"
EndProject
Project("{FAE04EC0-301F-11D3-BF4B-00C04F79EFBC}") = "Alayaz.SOA.Service.HostByIIS", "Alayaz.SOA.Service.HostByIIS\Alayaz.SOA.Service.HostByIIS.csproj", "{ABED499D-1C86-42EF-9178-55A14A86DD83}"
EndProject
Project("{FAE04EC0-301F-11D3-BF4B-00C04F79EFBC}") = "Alayaz.SOA.IService.WindowsServiceHost", "Alayaz.SOA.IService.WindowsServiceHost\Alayaz.SOA.IService.WindowsServiceHost.csproj", "{7A28F31C-7CFD-4728-B592-7B55F72F1537}"
EndProject
Project("{FAE04EC0-301F-11D3-BF4B-00C04F79EFBC}") = "Alayaz.SOA.IService.TestClient", "Alayaz.SOA.IService.TestClient\Alayaz.SOA.IService.TestClient.csproj", "{1A8A7E64-7D11-40E5-99E3-BE92C3EEB6C2}"
EndProject
Project("{FAE04EC0-301F-11D3-BF4B-00C04F79EFBC}") = "Alayaz.SOA.IService.ConsoleHost", "Alayaz.SOA.IService.ConsoleHost\Alayaz.SOA.IService.ConsoleHost.csproj", "{8A945DF7-75E4-4C56-9E02-D9F64C4BAB8E}"
EndProject
Project("{FAE04EC0-301F-11D3-BF4B-00C04F79EFBC}") = "Alayaz.SOA.IService.WindowsServiceHostServer", "Alayaz.SOA.IService.WindowsServiceHostServer\Alayaz.SOA.IService.WindowsServiceHostServer.csproj", "{6092B65A-BA7C-44C6-9BDA-B5C5239813DB}"
EndProject
Project("{FAE04EC0-301F-11D3-BF4B-00C04F79EFBC}") = "Alayaz.SOA.IService.ConsoleHostServer", "Alayaz.SOA.IService.ConsoleHostServer\Alayaz.SOA.IService.ConsoleHostServer.csproj", "{03504CDD-E633-457A-BECC-2E7ABFE50620}"
EndProject
Project("{2150E333-8FDC-42A3-9474-1A3956D46DE8}") = "Design", "Design", "{7A3C395C-B75C-4C7C-85DC-2808B3656AE5}"
EndProject
Project("{F088123C-0E9E-452A-89E6-6BA2F21D5CAC}") = "Alayaz.CM.WebCrawl.UML", "Alayaz.CM.WebCrawl.UML\Alayaz.CM.WebCrawl.UML.modelproj", "{19D506CE-441A-4627-AC34-3D42CFA813CE}"
EndProject
Global
	GlobalSection(SolutionConfigurationPlatforms) = preSolution
		Debug|Any CPU = Debug|Any CPU
		Debug|x86 = Debug|x86
		Release|Any CPU = Release|Any CPU
		Release|x86 = Release|x86
	EndGlobalSection
	GlobalSection(ProjectConfigurationPlatforms) = postSolution
		{4FDBA13C-BEF0-4988-8BD9-98E4946F62CD}.Debug|Any CPU.ActiveCfg = Debug|Any CPU
		{4FDBA13C-BEF0-4988-8BD9-98E4946F62CD}.Debug|Any CPU.Build.0 = Debug|Any CPU
		{4FDBA13C-BEF0-4988-8BD9-98E4946F62CD}.Debug|x86.ActiveCfg = Debug|Any CPU
		{4FDBA13C-BEF0-4988-8BD9-98E4946F62CD}.Debug|x86.Build.0 = Debug|Any CPU
		{4FDBA13C-BEF0-4988-8BD9-98E4946F62CD}.Release|Any CPU.ActiveCfg = Release|Any CPU
		{4FDBA13C-BEF0-4988-8BD9-98E4946F62CD}.Release|Any CPU.Build.0 = Release|Any CPU
		{4FDBA13C-BEF0-4988-8BD9-98E4946F62CD}.Release|x86.ActiveCfg = Release|Any CPU
		{4FDBA13C-BEF0-4988-8BD9-98E4946F62CD}.Release|x86.Build.0 = Release|Any CPU
		{142F0E8F-A50B-4C2A-8AC8-E96AA239C701}.Debug|Any CPU.ActiveCfg = Debug|Any CPU
		{142F0E8F-A50B-4C2A-8AC8-E96AA239C701}.Debug|Any CPU.Build.0 = Debug|Any CPU
		{142F0E8F-A50B-4C2A-8AC8-E96AA239C701}.Debug|x86.ActiveCfg = Debug|Any CPU
		{142F0E8F-A50B-4C2A-8AC8-E96AA239C701}.Debug|x86.Build.0 = Debug|Any CPU
		{142F0E8F-A50B-4C2A-8AC8-E96AA239C701}.Release|Any CPU.ActiveCfg = Release|Any CPU
		{142F0E8F-A50B-4C2A-8AC8-E96AA239C701}.Release|Any CPU.Build.0 = Release|Any CPU
		{142F0E8F-A50B-4C2A-8AC8-E96AA239C701}.Release|x86.ActiveCfg = Release|Any CPU
		{142F0E8F-A50B-4C2A-8AC8-E96AA239C701}.Release|x86.Build.0 = Release|Any CPU
		{382D2BD9-039C-4BF1-8D5C-097763348B44}.Debug|Any CPU.ActiveCfg = Debug|Any CPU
		{382D2BD9-039C-4BF1-8D5C-097763348B44}.Debug|Any CPU.Build.0 = Debug|Any CPU
		{382D2BD9-039C-4BF1-8D5C-097763348B44}.Debug|x86.ActiveCfg = Debug|Any CPU
		{382D2BD9-039C-4BF1-8D5C-097763348B44}.Debug|x86.Build.0 = Debug|Any CPU
		{382D2BD9-039C-4BF1-8D5C-097763348B44}.Release|Any CPU.ActiveCfg = Release|Any CPU
		{382D2BD9-039C-4BF1-8D5C-097763348B44}.Release|Any CPU.Build.0 = Release|Any CPU
		{382D2BD9-039C-4BF1-8D5C-097763348B44}.Release|x86.ActiveCfg = Release|Any CPU
		{382D2BD9-039C-4BF1-8D5C-097763348B44}.Release|x86.Build.0 = Release|Any CPU
		{A9820C1D-EBDB-41B7-BC55-178A63015A95}.Debug|Any CPU.ActiveCfg = Debug|Any CPU
		{A9820C1D-EBDB-41B7-BC55-178A63015A95}.Debug|Any CPU.Build.0 = Debug|Any CPU
		{A9820C1D-EBDB-41B7-BC55-178A63015A95}.Debug|x86.ActiveCfg = Debug|Any CPU
		{A9820C1D-EBDB-41B7-BC55-178A63015A95}.Debug|x86.Build.0 = Debug|Any CPU
		{A9820C1D-EBDB-41B7-BC55-178A63015A95}.Release|Any CPU.ActiveCfg = Release|Any CPU
		{A9820C1D-EBDB-41B7-BC55-178A63015A95}.Release|Any CPU.Build.0 = Release|Any CPU
		{A9820C1D-EBDB-41B7-BC55-178A63015A95}.Release|x86.ActiveCfg = Release|Any CPU
		{A9820C1D-EBDB-41B7-BC55-178A63015A95}.Release|x86.Build.0 = Release|Any CPU
		{DFFD7939-A6F4-469F-86EB-8129B7B872B7}.Debug|Any CPU.ActiveCfg = Debug|Any CPU
		{DFFD7939-A6F4-469F-86EB-8129B7B872B7}.Debug|Any CPU.Build.0 = Debug|Any CPU
		{DFFD7939-A6F4-469F-86EB-8129B7B872B7}.Debug|x86.ActiveCfg = Debug|Any CPU
		{DFFD7939-A6F4-469F-86EB-8129B7B872B7}.Debug|x86.Build.0 = Debug|Any CPU
		{DFFD7939-A6F4-469F-86EB-8129B7B872B7}.Release|Any CPU.ActiveCfg = Release|Any CPU
		{DFFD7939-A6F4-469F-86EB-8129B7B872B7}.Release|Any CPU.Build.0 = Release|Any CPU
		{DFFD7939-A6F4-469F-86EB-8129B7B872B7}.Release|x86.ActiveCfg = Release|Any CPU
		{DFFD7939-A6F4-469F-86EB-8129B7B872B7}.Release|x86.Build.0 = Release|Any CPU
		{D0479FF4-6A55-4979-85D9-69F9BF862C21}.Debug|Any CPU.ActiveCfg = Debug|Any CPU
		{D0479FF4-6A55-4979-85D9-69F9BF862C21}.Debug|Any CPU.Build.0 = Debug|Any CPU
		{D0479FF4-6A55-4979-85D9-69F9BF862C21}.Debug|x86.ActiveCfg = Debug|Any CPU
		{D0479FF4-6A55-4979-85D9-69F9BF862C21}.Debug|x86.Build.0 = Debug|Any CPU
		{D0479FF4-6A55-4979-85D9-69F9BF862C21}.Release|Any CPU.ActiveCfg = Release|Any CPU
		{D0479FF4-6A55-4979-85D9-69F9BF862C21}.Release|Any CPU.Build.0 = Release|Any CPU
		{D0479FF4-6A55-4979-85D9-69F9BF862C21}.Release|x86.ActiveCfg = Release|Any CPU
		{D0479FF4-6A55-4979-85D9-69F9BF862C21}.Release|x86.Build.0 = Release|Any CPU
		{99650B7E-D4E0-4766-89AD-BD0175082E52}.Debug|Any CPU.ActiveCfg = Debug|Any CPU
		{99650B7E-D4E0-4766-89AD-BD0175082E52}.Debug|Any CPU.Build.0 = Debug|Any CPU
		{99650B7E-D4E0-4766-89AD-BD0175082E52}.Debug|x86.ActiveCfg = Debug|Any CPU
		{99650B7E-D4E0-4766-89AD-BD0175082E52}.Debug|x86.Build.0 = Debug|Any CPU
		{99650B7E-D4E0-4766-89AD-BD0175082E52}.Release|Any CPU.ActiveCfg = Release|Any CPU
		{99650B7E-D4E0-4766-89AD-BD0175082E52}.Release|Any CPU.Build.0 = Release|Any CPU
		{99650B7E-D4E0-4766-89AD-BD0175082E52}.Release|x86.ActiveCfg = Release|Any CPU
		{99650B7E-D4E0-4766-89AD-BD0175082E52}.Release|x86.Build.0 = Release|Any CPU
		{301FF7B5-40D0-4165-BC70-C4329B15BFD0}.Debug|Any CPU.ActiveCfg = Debug|Any CPU
		{301FF7B5-40D0-4165-BC70-C4329B15BFD0}.Debug|Any CPU.Build.0 = Debug|Any CPU
		{301FF7B5-40D0-4165-BC70-C4329B15BFD0}.Debug|x86.ActiveCfg = Debug|Any CPU
		{301FF7B5-40D0-4165-BC70-C4329B15BFD0}.Debug|x86.Build.0 = Debug|Any CPU
		{301FF7B5-40D0-4165-BC70-C4329B15BFD0}.Release|Any CPU.ActiveCfg = Release|Any CPU
		{301FF7B5-40D0-4165-BC70-C4329B15BFD0}.Release|Any CPU.Build.0 = Release|Any CPU
		{301FF7B5-40D0-4165-BC70-C4329B15BFD0}.Release|x86.ActiveCfg = Release|Any CPU
		{301FF7B5-40D0-4165-BC70-C4329B15BFD0}.Release|x86.Build.0 = Release|Any CPU
		{F025952B-88C7-4AD4-ABA8-DC2B9834D189}.Debug|Any CPU.ActiveCfg = Debug|Any CPU
		{F025952B-88C7-4AD4-ABA8-DC2B9834D189}.Debug|Any CPU.Build.0 = Debug|Any CPU
		{F025952B-88C7-4AD4-ABA8-DC2B9834D189}.Debug|x86.ActiveCfg = Debug|Any CPU
		{F025952B-88C7-4AD4-ABA8-DC2B9834D189}.Debug|x86.Build.0 = Debug|Any CPU
		{F025952B-88C7-4AD4-ABA8-DC2B9834D189}.Release|Any CPU.ActiveCfg = Release|Any CPU
		{F025952B-88C7-4AD4-ABA8-DC2B9834D189}.Release|Any CPU.Build.0 = Release|Any CPU
		{F025952B-88C7-4AD4-ABA8-DC2B9834D189}.Release|x86.ActiveCfg = Release|Any CPU
		{F025952B-88C7-4AD4-ABA8-DC2B9834D189}.Release|x86.Build.0 = Release|Any CPU
		{3022C653-F4C9-4A34-A0E0-9BCB3B4B7879}.Debug|Any CPU.ActiveCfg = Debug|Any CPU
		{3022C653-F4C9-4A34-A0E0-9BCB3B4B7879}.Debug|Any CPU.Build.0 = Debug|Any CPU
		{3022C653-F4C9-4A34-A0E0-9BCB3B4B7879}.Debug|x86.ActiveCfg = Debug|Any CPU
		{3022C653-F4C9-4A34-A0E0-9BCB3B4B7879}.Debug|x86.Build.0 = Debug|Any CPU
		{3022C653-F4C9-4A34-A0E0-9BCB3B4B7879}.Release|Any CPU.ActiveCfg = Release|Any CPU
		{3022C653-F4C9-4A34-A0E0-9BCB3B4B7879}.Release|Any CPU.Build.0 = Release|Any CPU
		{3022C653-F4C9-4A34-A0E0-9BCB3B4B7879}.Release|x86.ActiveCfg = Release|Any CPU
		{3022C653-F4C9-4A34-A0E0-9BCB3B4B7879}.Release|x86.Build.0 = Release|Any CPU
		{E21E8E70-3697-43BC-A25C-21AC8F73965C}.Debug|Any CPU.ActiveCfg = Debug|Any CPU
		{E21E8E70-3697-43BC-A25C-21AC8F73965C}.Debug|Any CPU.Build.0 = Debug|Any CPU
		{E21E8E70-3697-43BC-A25C-21AC8F73965C}.Debug|x86.ActiveCfg = Debug|Any CPU
		{E21E8E70-3697-43BC-A25C-21AC8F73965C}.Debug|x86.Build.0 = Debug|Any CPU
		{E21E8E70-3697-43BC-A25C-21AC8F73965C}.Release|Any CPU.ActiveCfg = Release|Any CPU
		{E21E8E70-3697-43BC-A25C-21AC8F73965C}.Release|Any CPU.Build.0 = Release|Any CPU
		{E21E8E70-3697-43BC-A25C-21AC8F73965C}.Release|x86.ActiveCfg = Release|Any CPU
		{E21E8E70-3697-43BC-A25C-21AC8F73965C}.Release|x86.Build.0 = Release|Any CPU
		{2D1DA28D-91BA-4259-8C36-410C304219E3}.Debug|Any CPU.ActiveCfg = Debug|Any CPU
		{2D1DA28D-91BA-4259-8C36-410C304219E3}.Debug|Any CPU.Build.0 = Debug|Any CPU
		{2D1DA28D-91BA-4259-8C36-410C304219E3}.Debug|x86.ActiveCfg = Debug|Any CPU
		{2D1DA28D-91BA-4259-8C36-410C304219E3}.Debug|x86.Build.0 = Debug|Any CPU
		{2D1DA28D-91BA-4259-8C36-410C304219E3}.Release|Any CPU.ActiveCfg = Release|Any CPU
		{2D1DA28D-91BA-4259-8C36-410C304219E3}.Release|Any CPU.Build.0 = Release|Any CPU
		{2D1DA28D-91BA-4259-8C36-410C304219E3}.Release|x86.ActiveCfg = Release|Any CPU
		{2D1DA28D-91BA-4259-8C36-410C304219E3}.Release|x86.Build.0 = Release|Any CPU
		{ABED499D-1C86-42EF-9178-55A14A86DD83}.Debug|Any CPU.ActiveCfg = Debug|Any CPU
		{ABED499D-1C86-42EF-9178-55A14A86DD83}.Debug|Any CPU.Build.0 = Debug|Any CPU
		{ABED499D-1C86-42EF-9178-55A14A86DD83}.Debug|x86.ActiveCfg = Debug|Any CPU
		{ABED499D-1C86-42EF-9178-55A14A86DD83}.Debug|x86.Build.0 = Debug|Any CPU
		{ABED499D-1C86-42EF-9178-55A14A86DD83}.Release|Any CPU.ActiveCfg = Release|Any CPU
		{ABED499D-1C86-42EF-9178-55A14A86DD83}.Release|Any CPU.Build.0 = Release|Any CPU
		{ABED499D-1C86-42EF-9178-55A14A86DD83}.Release|x86.ActiveCfg = Release|Any CPU
		{ABED499D-1C86-42EF-9178-55A14A86DD83}.Release|x86.Build.0 = Release|Any CPU
		{7A28F31C-7CFD-4728-B592-7B55F72F1537}.Debug|Any CPU.ActiveCfg = Debug|Any CPU
		{7A28F31C-7CFD-4728-B592-7B55F72F1537}.Debug|Any CPU.Build.0 = Debug|Any CPU
		{7A28F31C-7CFD-4728-B592-7B55F72F1537}.Debug|x86.ActiveCfg = Debug|Any CPU
		{7A28F31C-7CFD-4728-B592-7B55F72F1537}.Debug|x86.Build.0 = Debug|Any CPU
		{7A28F31C-7CFD-4728-B592-7B55F72F1537}.Release|Any CPU.ActiveCfg = Release|Any CPU
		{7A28F31C-7CFD-4728-B592-7B55F72F1537}.Release|Any CPU.Build.0 = Release|Any CPU
		{7A28F31C-7CFD-4728-B592-7B55F72F1537}.Release|x86.ActiveCfg = Release|Any CPU
		{7A28F31C-7CFD-4728-B592-7B55F72F1537}.Release|x86.Build.0 = Release|Any CPU
		{1A8A7E64-7D11-40E5-99E3-BE92C3EEB6C2}.Debug|Any CPU.ActiveCfg = Debug|x86
		{1A8A7E64-7D11-40E5-99E3-BE92C3EEB6C2}.Debug|x86.ActiveCfg = Debug|x86
		{1A8A7E64-7D11-40E5-99E3-BE92C3EEB6C2}.Debug|x86.Build.0 = Debug|x86
		{1A8A7E64-7D11-40E5-99E3-BE92C3EEB6C2}.Release|Any CPU.ActiveCfg = Release|x86
		{1A8A7E64-7D11-40E5-99E3-BE92C3EEB6C2}.Release|x86.ActiveCfg = Release|x86
		{1A8A7E64-7D11-40E5-99E3-BE92C3EEB6C2}.Release|x86.Build.0 = Release|x86
		{8A945DF7-75E4-4C56-9E02-D9F64C4BAB8E}.Debug|Any CPU.ActiveCfg = Debug|Any CPU
		{8A945DF7-75E4-4C56-9E02-D9F64C4BAB8E}.Debug|Any CPU.Build.0 = Debug|Any CPU
		{8A945DF7-75E4-4C56-9E02-D9F64C4BAB8E}.Debug|x86.ActiveCfg = Debug|Any CPU
		{8A945DF7-75E4-4C56-9E02-D9F64C4BAB8E}.Debug|x86.Build.0 = Debug|Any CPU
		{8A945DF7-75E4-4C56-9E02-D9F64C4BAB8E}.Release|Any CPU.ActiveCfg = Release|Any CPU
		{8A945DF7-75E4-4C56-9E02-D9F64C4BAB8E}.Release|Any CPU.Build.0 = Release|Any CPU
		{8A945DF7-75E4-4C56-9E02-D9F64C4BAB8E}.Release|x86.ActiveCfg = Release|Any CPU
		{8A945DF7-75E4-4C56-9E02-D9F64C4BAB8E}.Release|x86.Build.0 = Release|Any CPU
		{6092B65A-BA7C-44C6-9BDA-B5C5239813DB}.Debug|Any CPU.ActiveCfg = Debug|Any CPU
		{6092B65A-BA7C-44C6-9BDA-B5C5239813DB}.Debug|Any CPU.Build.0 = Debug|Any CPU
		{6092B65A-BA7C-44C6-9BDA-B5C5239813DB}.Debug|x86.ActiveCfg = Debug|Any CPU
		{6092B65A-BA7C-44C6-9BDA-B5C5239813DB}.Debug|x86.Build.0 = Debug|Any CPU
		{6092B65A-BA7C-44C6-9BDA-B5C5239813DB}.Release|Any CPU.ActiveCfg = Release|Any CPU
		{6092B65A-BA7C-44C6-9BDA-B5C5239813DB}.Release|Any CPU.Build.0 = Release|Any CPU
		{6092B65A-BA7C-44C6-9BDA-B5C5239813DB}.Release|x86.ActiveCfg = Release|Any CPU
		{6092B65A-BA7C-44C6-9BDA-B5C5239813DB}.Release|x86.Build.0 = Release|Any CPU
		{03504CDD-E633-457A-BECC-2E7ABFE50620}.Debug|Any CPU.ActiveCfg = Debug|Any CPU
		{03504CDD-E633-457A-BECC-2E7ABFE50620}.Debug|Any CPU.Build.0 = Debug|Any CPU
		{03504CDD-E633-457A-BECC-2E7ABFE50620}.Debug|x86.ActiveCfg = Debug|Any CPU
		{03504CDD-E633-457A-BECC-2E7ABFE50620}.Debug|x86.Build.0 = Debug|Any CPU
		{03504CDD-E633-457A-BECC-2E7ABFE50620}.Release|Any CPU.ActiveCfg = Release|Any CPU
		{03504CDD-E633-457A-BECC-2E7ABFE50620}.Release|Any CPU.Build.0 = Release|Any CPU
		{03504CDD-E633-457A-BECC-2E7ABFE50620}.Release|x86.ActiveCfg = Release|Any CPU
		{03504CDD-E633-457A-BECC-2E7ABFE50620}.Release|x86.Build.0 = Release|Any CPU
		{19D506CE-441A-4627-AC34-3D42CFA813CE}.Debug|Any CPU.ActiveCfg = Debug|Any CPU
		{19D506CE-441A-4627-AC34-3D42CFA813CE}.Debug|Any CPU.Build.0 = Debug|Any CPU
		{19D506CE-441A-4627-AC34-3D42CFA813CE}.Debug|x86.ActiveCfg = Debug|Any CPU
		{19D506CE-441A-4627-AC34-3D42CFA813CE}.Debug|x86.Build.0 = Debug|Any CPU
		{19D506CE-441A-4627-AC34-3D42CFA813CE}.Release|Any CPU.ActiveCfg = Release|Any CPU
		{19D506CE-441A-4627-AC34-3D42CFA813CE}.Release|Any CPU.Build.0 = Release|Any CPU
		{19D506CE-441A-4627-AC34-3D42CFA813CE}.Release|x86.ActiveCfg = Release|Any CPU
		{19D506CE-441A-4627-AC34-3D42CFA813CE}.Release|x86.Build.0 = Release|Any CPU
	EndGlobalSection
	GlobalSection(SolutionProperties) = preSolution
		HideSolutionNode = FALSE
	EndGlobalSection
	GlobalSection(NestedProjects) = preSolution
		{4FDBA13C-BEF0-4988-8BD9-98E4946F62CD} = {F432EF09-CBA4-4AD9-B61B-DCEDDDB3E742}
		{142F0E8F-A50B-4C2A-8AC8-E96AA239C701} = {36F536AD-0E08-4F42-8733-B9DADE614463}
		{382D2BD9-039C-4BF1-8D5C-097763348B44} = {5BA1566A-76D0-4CD6-AEC9-8713413DF498}
		{A9820C1D-EBDB-41B7-BC55-178A63015A95} = {5BA1566A-76D0-4CD6-AEC9-8713413DF498}
		{DFFD7939-A6F4-469F-86EB-8129B7B872B7} = {5BA1566A-76D0-4CD6-AEC9-8713413DF498}
		{D0479FF4-6A55-4979-85D9-69F9BF862C21} = {F432EF09-CBA4-4AD9-B61B-DCEDDDB3E742}
		{99650B7E-D4E0-4766-89AD-BD0175082E52} = {43C46057-58A5-49FB-8785-FEBD5EE6D8DA}
		{301FF7B5-40D0-4165-BC70-C4329B15BFD0} = {36F536AD-0E08-4F42-8733-B9DADE614463}
		{F025952B-88C7-4AD4-ABA8-DC2B9834D189} = {C5299E87-A5FE-451B-AA15-5E972FBC97A0}
		{3022C653-F4C9-4A34-A0E0-9BCB3B4B7879} = {C5299E87-A5FE-451B-AA15-5E972FBC97A0}
		{E21E8E70-3697-43BC-A25C-21AC8F73965C} = {C5299E87-A5FE-451B-AA15-5E972FBC97A0}
		{2D1DA28D-91BA-4259-8C36-410C304219E3} = {F432EF09-CBA4-4AD9-B61B-DCEDDDB3E742}
		{ABED499D-1C86-42EF-9178-55A14A86DD83} = {C5299E87-A5FE-451B-AA15-5E972FBC97A0}
		{7A28F31C-7CFD-4728-B592-7B55F72F1537} = {F432EF09-CBA4-4AD9-B61B-DCEDDDB3E742}
		{1A8A7E64-7D11-40E5-99E3-BE92C3EEB6C2} = {F432EF09-CBA4-4AD9-B61B-DCEDDDB3E742}
		{8A945DF7-75E4-4C56-9E02-D9F64C4BAB8E} = {F432EF09-CBA4-4AD9-B61B-DCEDDDB3E742}
		{6092B65A-BA7C-44C6-9BDA-B5C5239813DB} = {C5299E87-A5FE-451B-AA15-5E972FBC97A0}
		{03504CDD-E633-457A-BECC-2E7ABFE50620} = {C5299E87-A5FE-451B-AA15-5E972FBC97A0}
		{19D506CE-441A-4627-AC34-3D42CFA813CE} = {7A3C395C-B75C-4C7C-85DC-2808B3656AE5}
	EndGlobalSection
EndGlobal
